
Microsoft Visual Studio Solution File, Format Version 12.00
# Visual Studio 15
VisualStudioVersion = 15.0.26228.9
MinimumVisualStudioVersion = 10.0.40219.1
Project("{8BC9CEB8-8B4A-11D0-8D11-00A0C91BC942}") = "znjj", "znjj.vcxproj", "{8C5233F3-9987-3A9C-BCF4-E01E2812127A}"
EndProject
Global
	GlobalSection(SolutionConfigurationPlatforms) = preSolution
		Debug|ARM = Debug|ARM
		Debug|x64 = Debug|x64
		Release|ARM = Release|ARM
		Release|x64 = Release|x64
	EndGlobalSection
	GlobalSection(ProjectConfigurationPlatforms) = postSolution
		{8C5233F3-9987-3A9C-BCF4-E01E2812127A}.Debug|ARM.ActiveCfg = Release|ARM
		{8C5233F3-9987-3A9C-BCF4-E01E2812127A}.Debug|ARM.Build.0 = Release|ARM
		{8C5233F3-9987-3A9C-BCF4-E01E2812127A}.Debug|x64.ActiveCfg = Debug|x64
		{8C5233F3-9987-3A9C-BCF4-E01E2812127A}.Debug|x64.Build.0 = Debug|x64
		{8C5233F3-9987-3A9C-BCF4-E01E2812127A}.Release|ARM.ActiveCfg = Release|x64
		{8C5233F3-9987-3A9C-BCF4-E01E2812127A}.Release|ARM.Build.0 = Release|x64
		{8C5233F3-9987-3A9C-BCF4-E01E2812127A}.Release|x64.ActiveCfg = Release|x64
		{8C5233F3-9987-3A9C-BCF4-E01E2812127A}.Release|x64.Build.0 = Release|x64
	EndGlobalSection
	GlobalSection(SolutionProperties) = preSolution
		HideSolutionNode = FALSE
	EndGlobalSection
EndGlobal
